# This file is automatically @generated by Cargo.
# It is not intended for manual editing.
version = 4

[[package]]
name = "backtest"
version = "0.1.0"
dependencies = [
 "core",
 "cost",
 "data",
 "engine",
 "execution",
 "model",
 "portfolio",
 "risk",
 "strategy",
]

[[package]]
name = "binance"
version = "0.1.0"
dependencies = [
 "core",
 "model",
 "network",
 "sys",
]

[[package]]
name = "cli"
version = "0.1.0"
dependencies = [
 "core",
 "corpus",
 "model",
]

[[package]]
name = "core"
version = "0.1.0"
dependencies = [
 "testkit",
]

[[package]]
name = "corpus"
version = "0.1.0"
dependencies = [
 "core",
 "model",
 "testkit",
]

[[package]]
name = "cost"
version = "0.1.0"
dependencies = [
 "core",
 "model",
 "testkit",
]

[[package]]
name = "data"
version = "0.1.0"
dependencies = [
 "core",
 "corpus",
 "model",
 "testkit",
]

[[package]]
name = "engine"
version = "0.1.0"
dependencies = [
 "core",
 "cost",
 "data",
 "execution",
 "model",
 "portfolio",
 "risk",
 "strategy",
]

[[package]]
name = "execution"
version = "0.1.0"
dependencies = [
 "core",
 "cost",
 "data",
 "model",
 "portfolio",
]

[[package]]
name = "live"
version = "0.1.0"
dependencies = [
 "binance",
 "core",
 "engine",
 "model",
 "network",
 "node",
 "sys",
]

[[package]]
name = "model"
version = "0.1.0"
dependencies = [
 "core",
 "testkit",
]

[[package]]
name = "network"
version = "0.1.0"
dependencies = [
 "core",
 "sys",
]

[[package]]
name = "node"
version = "0.1.0"
dependencies = [
 "backtest",
 "core",
 "engine",
 "model",
 "sys",
]

[[package]]
name = "portfolio"
version = "0.1.0"
dependencies = [
 "core",
 "cost",
 "data",
 "model",
 "testkit",
]

[[package]]
name = "risk"
version = "0.1.0"
dependencies = [
 "core",
 "cost",
 "data",
 "execution",
 "model",
 "portfolio",
]

[[package]]
name = "strategy"
version = "0.1.0"
dependencies = [
 "core",
 "cost",
 "data",
 "execution",
 "model",
 "portfolio",
 "risk",
]

[[package]]
name = "sys"
version = "0.1.0"
dependencies = [
 "core",
]

[[package]]
name = "testkit"
version = "0.1.0"
