# This file is automatically @generated by Cargo.
# It is not intended for manual editing.
version = 4

[[package]]
name = "backtest"
version = "0.1.0"
dependencies = [
 "core",
 "cost",
 "data",
 "engine",
 "execution",
 "model",
 "portfolio",
 "risk",
 "strategy",
]

[[package]]
name = "core"
version = "0.1.0"
dependencies = [
 "jarvis-testkit",
]

[[package]]
name = "cost"
version = "0.1.0"
dependencies = [
 "core",
 "model",
]

[[package]]
name = "data"
version = "0.1.0"
dependencies = [
 "core",
 "model",
]

[[package]]
name = "engine"
version = "0.1.0"
dependencies = [
 "core",
 "cost",
 "data",
 "execution",
 "model",
 "portfolio",
 "risk",
 "strategy",
]

[[package]]
name = "execution"
version = "0.1.0"
dependencies = [
 "core",
 "cost",
 "data",
 "model",
 "portfolio",
]

[[package]]
name = "jarvis-binance"
version = "0.1.0"
dependencies = [
 "core",
 "jarvis-network",
 "jarvis-sys",
 "model",
]

[[package]]
name = "jarvis-cli"
version = "0.1.0"
dependencies = [
 "core",
 "model",
]

[[package]]
name = "jarvis-live"
version = "0.1.0"
dependencies = [
 "core",
 "engine",
 "jarvis-binance",
 "jarvis-network",
 "jarvis-node",
 "jarvis-sys",
 "model",
]

[[package]]
name = "jarvis-network"
version = "0.1.0"
dependencies = [
 "core",
 "jarvis-sys",
]

[[package]]
name = "jarvis-node"
version = "0.1.0"
dependencies = [
 "backtest",
 "core",
 "engine",
 "jarvis-sys",
 "model",
]

[[package]]
name = "jarvis-sys"
version = "0.1.0"
dependencies = [
 "core",
]

[[package]]
name = "jarvis-testkit"
version = "0.1.0"

[[package]]
name = "model"
version = "0.1.0"
dependencies = [
 "core",
 "jarvis-testkit",
]

[[package]]
name = "portfolio"
version = "0.1.0"
dependencies = [
 "core",
 "cost",
 "data",
 "model",
]

[[package]]
name = "risk"
version = "0.1.0"
dependencies = [
 "core",
 "cost",
 "data",
 "execution",
 "model",
 "portfolio",
]

[[package]]
name = "strategy"
version = "0.1.0"
dependencies = [
 "core",
 "cost",
 "data",
 "execution",
 "model",
 "portfolio",
 "risk",
]
