# This file is automatically @generated by Cargo.
# It is not intended for manual editing.
version = 4

[[package]]
name = "jarvis-backtest"
version = "0.1.0"
dependencies = [
 "jarvis-core",
 "jarvis-cost",
 "jarvis-data",
 "jarvis-engine",
 "jarvis-execution",
 "jarvis-model",
 "jarvis-portfolio",
 "jarvis-risk",
 "jarvis-strategy",
]

[[package]]
name = "jarvis-binance"
version = "0.1.0"
dependencies = [
 "jarvis-core",
 "jarvis-model",
 "jarvis-network",
 "jarvis-sys",
]

[[package]]
name = "jarvis-cli"
version = "0.1.0"
dependencies = [
 "jarvis-core",
 "jarvis-model",
]

[[package]]
name = "jarvis-core"
version = "0.1.0"
dependencies = [
 "jarvis-testkit",
]

[[package]]
name = "jarvis-cost"
version = "0.1.0"
dependencies = [
 "jarvis-core",
 "jarvis-model",
]

[[package]]
name = "jarvis-data"
version = "0.1.0"
dependencies = [
 "jarvis-core",
 "jarvis-model",
]

[[package]]
name = "jarvis-engine"
version = "0.1.0"
dependencies = [
 "jarvis-core",
 "jarvis-cost",
 "jarvis-data",
 "jarvis-execution",
 "jarvis-model",
 "jarvis-portfolio",
 "jarvis-risk",
 "jarvis-strategy",
]

[[package]]
name = "jarvis-execution"
version = "0.1.0"
dependencies = [
 "jarvis-core",
 "jarvis-cost",
 "jarvis-data",
 "jarvis-model",
 "jarvis-portfolio",
]

[[package]]
name = "jarvis-live"
version = "0.1.0"
dependencies = [
 "jarvis-binance",
 "jarvis-core",
 "jarvis-engine",
 "jarvis-model",
 "jarvis-network",
 "jarvis-node",
 "jarvis-sys",
]

[[package]]
name = "jarvis-model"
version = "0.1.0"
dependencies = [
 "jarvis-core",
 "jarvis-testkit",
]

[[package]]
name = "jarvis-network"
version = "0.1.0"
dependencies = [
 "jarvis-core",
 "jarvis-sys",
]

[[package]]
name = "jarvis-node"
version = "0.1.0"
dependencies = [
 "jarvis-backtest",
 "jarvis-core",
 "jarvis-engine",
 "jarvis-model",
 "jarvis-sys",
]

[[package]]
name = "jarvis-portfolio"
version = "0.1.0"
dependencies = [
 "jarvis-core",
 "jarvis-cost",
 "jarvis-data",
 "jarvis-model",
]

[[package]]
name = "jarvis-risk"
version = "0.1.0"
dependencies = [
 "jarvis-core",
 "jarvis-cost",
 "jarvis-data",
 "jarvis-execution",
 "jarvis-model",
 "jarvis-portfolio",
]

[[package]]
name = "jarvis-strategy"
version = "0.1.0"
dependencies = [
 "jarvis-core",
 "jarvis-cost",
 "jarvis-data",
 "jarvis-execution",
 "jarvis-model",
 "jarvis-portfolio",
 "jarvis-risk",
]

[[package]]
name = "jarvis-sys"
version = "0.1.0"
dependencies = [
 "jarvis-core",
]

[[package]]
name = "jarvis-testkit"
version = "0.1.0"
